
Microsoft Visual Studio Solution File, Format Version 12.00
# Visual Studio 2013
VisualStudioVersion = 12.0.30501.0
MinimumVisualStudioVersion = 10.0.40219.1
Project("{8BC9CEB8-8B4A-11D0-8D11-00A0C91BC942}") = "server", "server\server.vcxproj", "{97858C89-7638-49B8-A275-BEC34E09D45F}"
EndProject
Project("{8BC9CEB8-8B4A-11D0-8D11-00A0C91BC942}") = "framework", "framework\framework.vcxproj", "{6E92FD7A-52CD-4EB7-BE1F-2EB6927D83DD}"
EndProject
Project("{8BC9CEB8-8B4A-11D0-8D11-00A0C91BC942}") = "client", "client\client.vcxproj", "{D48206F1-DBE0-4D4E-9B38-313D80167016}"
	ProjectSection(ProjectDependencies) = postProject
		{6E92FD7A-52CD-4EB7-BE1F-2EB6927D83DD} = {6E92FD7A-52CD-4EB7-BE1F-2EB6927D83DD}
	EndProjectSection
EndProject
Global
	GlobalSection(SolutionConfigurationPlatforms) = preSolution
		Debug|Win32 = Debug|Win32
		Release|Win32 = Release|Win32
	EndGlobalSection
	GlobalSection(ProjectConfigurationPlatforms) = postSolution
		{97858C89-7638-49B8-A275-BEC34E09D45F}.Debug|Win32.ActiveCfg = Debug|Win32
		{97858C89-7638-49B8-A275-BEC34E09D45F}.Debug|Win32.Build.0 = Debug|Win32
		{97858C89-7638-49B8-A275-BEC34E09D45F}.Release|Win32.ActiveCfg = Release|Win32
		{97858C89-7638-49B8-A275-BEC34E09D45F}.Release|Win32.Build.0 = Release|Win32
		{6E92FD7A-52CD-4EB7-BE1F-2EB6927D83DD}.Debug|Win32.ActiveCfg = Debug|Win32
		{6E92FD7A-52CD-4EB7-BE1F-2EB6927D83DD}.Debug|Win32.Build.0 = Debug|Win32
		{6E92FD7A-52CD-4EB7-BE1F-2EB6927D83DD}.Release|Win32.ActiveCfg = Release|Win32
		{6E92FD7A-52CD-4EB7-BE1F-2EB6927D83DD}.Release|Win32.Build.0 = Release|Win32
		{D48206F1-DBE0-4D4E-9B38-313D80167016}.Debug|Win32.ActiveCfg = Debug|Win32
		{D48206F1-DBE0-4D4E-9B38-313D80167016}.Debug|Win32.Build.0 = Debug|Win32
		{D48206F1-DBE0-4D4E-9B38-313D80167016}.Release|Win32.ActiveCfg = Release|Win32
		{D48206F1-DBE0-4D4E-9B38-313D80167016}.Release|Win32.Build.0 = Release|Win32
	EndGlobalSection
	GlobalSection(SolutionProperties) = preSolution
		HideSolutionNode = FALSE
	EndGlobalSection
EndGlobal
